// !$*UTF8*$!
{
	archiveVersion = 1;
	classes = {
	};
	objectVersion = 51;
	objects = {

/* Begin PBXBuildFile section */
		187D91B326DD133D00C1D903 /* BigLottoController.swift in Sources */ = {isa = PBXBuildFile; fileRef = 187D91B226DD133D00C1D903 /* BigLottoController.swift */; };
		AB920695194E05E3BBB7B7F5 /* Pods_Harton.framework in Frameworks */ = {isa = PBXBuildFile; fileRef = 3B8FDEA4D3AA3B7BDB5D951C /* Pods_Harton.framework */; };
		F41AA3B626D8BA42000F8A2E /* LogExtension.swift in Sources */ = {isa = PBXBuildFile; fileRef = F41AA3B526D8BA42000F8A2E /* LogExtension.swift */; };
		F41AA3BD26D8C833000F8A2E /* Response+HandyJson.swift in Sources */ = {isa = PBXBuildFile; fileRef = F41AA3B826D8C833000F8A2E /* Response+HandyJson.swift */; };
		F41AA3BE26D8C833000F8A2E /* Response+ObjectMapper.swift in Sources */ = {isa = PBXBuildFile; fileRef = F41AA3B926D8C833000F8A2E /* Response+ObjectMapper.swift */; };
		F41AA3BF26D8C833000F8A2E /* HTTPProvider.swift in Sources */ = {isa = PBXBuildFile; fileRef = F41AA3BA26D8C833000F8A2E /* HTTPProvider.swift */; };
		F41AA3C026D8C833000F8A2E /* MoyaProvider+CustomConfig.swift in Sources */ = {isa = PBXBuildFile; fileRef = F41AA3BB26D8C833000F8A2E /* MoyaProvider+CustomConfig.swift */; };
		F41AA3C126D8C833000F8A2E /* CustomMappable.swift in Sources */ = {isa = PBXBuildFile; fileRef = F41AA3BC26D8C833000F8A2E /* CustomMappable.swift */; };
		F41AA3C426D8C883000F8A2E /* NetViewController.swift in Sources */ = {isa = PBXBuildFile; fileRef = F41AA3C326D8C883000F8A2E /* NetViewController.swift */; };
		F41AA3C626D8C946000F8A2E /* HartonService.swift in Sources */ = {isa = PBXBuildFile; fileRef = F41AA3C526D8C946000F8A2E /* HartonService.swift */; };
		F41AA3C826D8D333000F8A2E /* BaseModel.swift in Sources */ = {isa = PBXBuildFile; fileRef = F41AA3C726D8D333000F8A2E /* BaseModel.swift */; };
		F41AA3CA26D8DB15000F8A2E /* ListModel.swift in Sources */ = {isa = PBXBuildFile; fileRef = F41AA3C926D8DB15000F8A2E /* ListModel.swift */; };
		F41AA3CC26D8DDD5000F8A2E /* RXExtension.swift in Sources */ = {isa = PBXBuildFile; fileRef = F41AA3CB26D8DDD5000F8A2E /* RXExtension.swift */; };
		F41AA3CE26D8DE4B000F8A2E /* BaseViewModel.swift in Sources */ = {isa = PBXBuildFile; fileRef = F41AA3CD26D8DE4B000F8A2E /* BaseViewModel.swift */; };
		F41AA3D026D8DE58000F8A2E /* RxNetViewModel.swift in Sources */ = {isa = PBXBuildFile; fileRef = F41AA3CF26D8DE58000F8A2E /* RxNetViewModel.swift */; };
		F4279AD926D76B9A001FA081 /* RxViewController.swift in Sources */ = {isa = PBXBuildFile; fileRef = F4279AD826D76B9A001FA081 /* RxViewController.swift */; };
		F45AB1E426CBAA2E005EC202 /* AppDelegate.swift in Sources */ = {isa = PBXBuildFile; fileRef = F45AB1E326CBAA2E005EC202 /* AppDelegate.swift */; };
		F45AB1E626CBAA2E005EC202 /* SceneDelegate.swift in Sources */ = {isa = PBXBuildFile; fileRef = F45AB1E526CBAA2E005EC202 /* SceneDelegate.swift */; };
		F45AB1E826CBAA2E005EC202 /* ViewController.swift in Sources */ = {isa = PBXBuildFile; fileRef = F45AB1E726CBAA2E005EC202 /* ViewController.swift */; };
		F45AB1EB26CBAA2E005EC202 /* Main.storyboard in Resources */ = {isa = PBXBuildFile; fileRef = F45AB1E926CBAA2E005EC202 /* Main.storyboard */; };
		F45AB1ED26CBAA30005EC202 /* Assets.xcassets in Resources */ = {isa = PBXBuildFile; fileRef = F45AB1EC26CBAA30005EC202 /* Assets.xcassets */; };
		F45AB1F026CBAA30005EC202 /* LaunchScreen.storyboard in Resources */ = {isa = PBXBuildFile; fileRef = F45AB1EE26CBAA30005EC202 /* LaunchScreen.storyboard */; };
		F45AB1F926CBB0E1005EC202 /* SandBoxViewController.swift in Sources */ = {isa = PBXBuildFile; fileRef = F45AB1F826CBB0E1005EC202 /* SandBoxViewController.swift */; };
		F45AB1FC26CBB1F7005EC202 /* BaseViewController.swift in Sources */ = {isa = PBXBuildFile; fileRef = F45AB1FB26CBB1F7005EC202 /* BaseViewController.swift */; };
		F45AB20026CBC234005EC202 /* DataBaseViewController.swift in Sources */ = {isa = PBXBuildFile; fileRef = F45AB1FF26CBC234005EC202 /* DataBaseViewController.swift */; };
		F45AB20326CBC2B1005EC202 /* IsaViewController.swift in Sources */ = {isa = PBXBuildFile; fileRef = F45AB20226CBC2B1005EC202 /* IsaViewController.swift */; };
		F45AB20726CCA615005EC202 /* IGLViewController.swift in Sources */ = {isa = PBXBuildFile; fileRef = F45AB20626CCA615005EC202 /* IGLViewController.swift */; };
		F45AB20E26CCA759005EC202 /* IGListCollectionContext+Refinements.swift in Sources */ = {isa = PBXBuildFile; fileRef = F45AB20926CCA759005EC202 /* IGListCollectionContext+Refinements.swift */; };
		F45AB20F26CCA759005EC202 /* IGListSingleSectionController+Refinements.swift in Sources */ = {isa = PBXBuildFile; fileRef = F45AB20A26CCA759005EC202 /* IGListSingleSectionController+Refinements.swift */; };
		F45AB21026CCA759005EC202 /* ListValueSectionController.swift in Sources */ = {isa = PBXBuildFile; fileRef = F45AB20B26CCA759005EC202 /* ListValueSectionController.swift */; };
		F45AB21126CCA759005EC202 /* ListIdentifiable.swift in Sources */ = {isa = PBXBuildFile; fileRef = F45AB20D26CCA759005EC202 /* ListIdentifiable.swift */; };
		F45AB21426CCAFB0005EC202 /* EncryptViewController.swift in Sources */ = {isa = PBXBuildFile; fileRef = F45AB21326CCAFB0005EC202 /* EncryptViewController.swift */; };
		F476CE9126CF41FB001CAD97 /* TextureViewController.swift in Sources */ = {isa = PBXBuildFile; fileRef = F476CE9026CF41FB001CAD97 /* TextureViewController.swift */; };
		F47D509826DC7F45008AC2FF /* ASExtension.swift in Sources */ = {isa = PBXBuildFile; fileRef = F47D509726DC7F45008AC2FF /* ASExtension.swift */; };
		F47D509C26DC9051008AC2FF /* Genericity.swift in Sources */ = {isa = PBXBuildFile; fileRef = F47D509B26DC9051008AC2FF /* Genericity.swift */; };
		F47D50A326DCD389008AC2FF /* ReactiveDemo.swift in Sources */ = {isa = PBXBuildFile; fileRef = F47D50A226DCD389008AC2FF /* ReactiveDemo.swift */; };
		F483C5AC26DE012000D9D728 /* HUDViewController.swift in Sources */ = {isa = PBXBuildFile; fileRef = F483C5AB26DE012000D9D728 /* HUDViewController.swift */; };
		F483C5AF26DE08B000D9D728 /* DDLogWrapper.m in Sources */ = {isa = PBXBuildFile; fileRef = F483C5AE26DE08B000D9D728 /* DDLogWrapper.m */; };
		F483C5B626DE2BAE00D9D728 /* LockViewController.swift in Sources */ = {isa = PBXBuildFile; fileRef = F483C5B526DE2BAE00D9D728 /* LockViewController.swift */; };
		F4A4408426D357C600958FF0 /* AsynExtension.swift in Sources */ = {isa = PBXBuildFile; fileRef = F4A4408326D357C600958FF0 /* AsynExtension.swift */; };
		F4A4408B26D35DFF00958FF0 /* YYFPSLabel.m in Sources */ = {isa = PBXBuildFile; fileRef = F4A4408926D35DFF00958FF0 /* YYFPSLabel.m */; };
		F4A4408C26D35DFF00958FF0 /* YYWeakProxy.m in Sources */ = {isa = PBXBuildFile; fileRef = F4A4408A26D35DFF00958FF0 /* YYWeakProxy.m */; };
/* End PBXBuildFile section */

/* Begin PBXFileReference section */
		187D91B226DD133D00C1D903 /* BigLottoController.swift */ = {isa = PBXFileReference; lastKnownFileType = sourcecode.swift; path = BigLottoController.swift; sourceTree = "<group>"; };
		34228D4CCE792FC5B9CD84EE /* Pods-Harton.debug.xcconfig */ = {isa = PBXFileReference; includeInIndex = 1; lastKnownFileType = text.xcconfig; name = "Pods-Harton.debug.xcconfig"; path = "Target Support Files/Pods-Harton/Pods-Harton.debug.xcconfig"; sourceTree = "<group>"; };
		3B8FDEA4D3AA3B7BDB5D951C /* Pods_Harton.framework */ = {isa = PBXFileReference; explicitFileType = wrapper.framework; includeInIndex = 0; path = Pods_Harton.framework; sourceTree = BUILT_PRODUCTS_DIR; };
		F0BFB4FE0F79657B08B3A358 /* Pods-Harton.release.xcconfig */ = {isa = PBXFileReference; includeInIndex = 1; lastKnownFileType = text.xcconfig; name = "Pods-Harton.release.xcconfig"; path = "Target Support Files/Pods-Harton/Pods-Harton.release.xcconfig"; sourceTree = "<group>"; };
		F41AA3B526D8BA42000F8A2E /* LogExtension.swift */ = {isa = PBXFileReference; lastKnownFileType = sourcecode.swift; path = LogExtension.swift; sourceTree = "<group>"; };
		F41AA3B826D8C833000F8A2E /* Response+HandyJson.swift */ = {isa = PBXFileReference; fileEncoding = 4; lastKnownFileType = sourcecode.swift; path = "Response+HandyJson.swift"; sourceTree = "<group>"; };
		F41AA3B926D8C833000F8A2E /* Response+ObjectMapper.swift */ = {isa = PBXFileReference; fileEncoding = 4; lastKnownFileType = sourcecode.swift; path = "Response+ObjectMapper.swift"; sourceTree = "<group>"; };
		F41AA3BA26D8C833000F8A2E /* HTTPProvider.swift */ = {isa = PBXFileReference; fileEncoding = 4; lastKnownFileType = sourcecode.swift; path = HTTPProvider.swift; sourceTree = "<group>"; };
		F41AA3BB26D8C833000F8A2E /* MoyaProvider+CustomConfig.swift */ = {isa = PBXFileReference; fileEncoding = 4; lastKnownFileType = sourcecode.swift; path = "MoyaProvider+CustomConfig.swift"; sourceTree = "<group>"; };
		F41AA3BC26D8C833000F8A2E /* CustomMappable.swift */ = {isa = PBXFileReference; fileEncoding = 4; lastKnownFileType = sourcecode.swift; path = CustomMappable.swift; sourceTree = "<group>"; };
		F41AA3C326D8C883000F8A2E /* NetViewController.swift */ = {isa = PBXFileReference; lastKnownFileType = sourcecode.swift; path = NetViewController.swift; sourceTree = "<group>"; };
		F41AA3C526D8C946000F8A2E /* HartonService.swift */ = {isa = PBXFileReference; lastKnownFileType = sourcecode.swift; path = HartonService.swift; sourceTree = "<group>"; };
		F41AA3C726D8D333000F8A2E /* BaseModel.swift */ = {isa = PBXFileReference; fileEncoding = 4; lastKnownFileType = sourcecode.swift; path = BaseModel.swift; sourceTree = "<group>"; };
		F41AA3C926D8DB15000F8A2E /* ListModel.swift */ = {isa = PBXFileReference; lastKnownFileType = sourcecode.swift; path = ListModel.swift; sourceTree = "<group>"; };
		F41AA3CB26D8DDD5000F8A2E /* RXExtension.swift */ = {isa = PBXFileReference; lastKnownFileType = sourcecode.swift; path = RXExtension.swift; sourceTree = "<group>"; };
		F41AA3CD26D8DE4B000F8A2E /* BaseViewModel.swift */ = {isa = PBXFileReference; lastKnownFileType = sourcecode.swift; path = BaseViewModel.swift; sourceTree = "<group>"; };
		F41AA3CF26D8DE58000F8A2E /* RxNetViewModel.swift */ = {isa = PBXFileReference; lastKnownFileType = sourcecode.swift; path = RxNetViewModel.swift; sourceTree = "<group>"; };
		F4279AD826D76B9A001FA081 /* RxViewController.swift */ = {isa = PBXFileReference; lastKnownFileType = sourcecode.swift; path = RxViewController.swift; sourceTree = "<group>"; };
		F45AB1E026CBAA2E005EC202 /* Harton.app */ = {isa = PBXFileReference; explicitFileType = wrapper.application; includeInIndex = 0; path = Harton.app; sourceTree = BUILT_PRODUCTS_DIR; };
		F45AB1E326CBAA2E005EC202 /* AppDelegate.swift */ = {isa = PBXFileReference; lastKnownFileType = sourcecode.swift; path = AppDelegate.swift; sourceTree = "<group>"; };
		F45AB1E526CBAA2E005EC202 /* SceneDelegate.swift */ = {isa = PBXFileReference; lastKnownFileType = sourcecode.swift; path = SceneDelegate.swift; sourceTree = "<group>"; };
		F45AB1E726CBAA2E005EC202 /* ViewController.swift */ = {isa = PBXFileReference; lastKnownFileType = sourcecode.swift; path = ViewController.swift; sourceTree = "<group>"; };
		F45AB1EA26CBAA2E005EC202 /* Base */ = {isa = PBXFileReference; lastKnownFileType = file.storyboard; name = Base; path = Base.lproj/Main.storyboard; sourceTree = "<group>"; };
		F45AB1EC26CBAA30005EC202 /* Assets.xcassets */ = {isa = PBXFileReference; lastKnownFileType = folder.assetcatalog; path = Assets.xcassets; sourceTree = "<group>"; };
		F45AB1EF26CBAA30005EC202 /* Base */ = {isa = PBXFileReference; lastKnownFileType = file.storyboard; name = Base; path = Base.lproj/LaunchScreen.storyboard; sourceTree = "<group>"; };
		F45AB1F126CBAA30005EC202 /* Info.plist */ = {isa = PBXFileReference; lastKnownFileType = text.plist.xml; path = Info.plist; sourceTree = "<group>"; };
		F45AB1F826CBB0E1005EC202 /* SandBoxViewController.swift */ = {isa = PBXFileReference; lastKnownFileType = sourcecode.swift; path = SandBoxViewController.swift; sourceTree = "<group>"; };
		F45AB1FB26CBB1F7005EC202 /* BaseViewController.swift */ = {isa = PBXFileReference; lastKnownFileType = sourcecode.swift; path = BaseViewController.swift; sourceTree = "<group>"; };
		F45AB1FF26CBC234005EC202 /* DataBaseViewController.swift */ = {isa = PBXFileReference; lastKnownFileType = sourcecode.swift; path = DataBaseViewController.swift; sourceTree = "<group>"; };
		F45AB20226CBC2B1005EC202 /* IsaViewController.swift */ = {isa = PBXFileReference; lastKnownFileType = sourcecode.swift; path = IsaViewController.swift; sourceTree = "<group>"; };
		F45AB20626CCA615005EC202 /* IGLViewController.swift */ = {isa = PBXFileReference; lastKnownFileType = sourcecode.swift; path = IGLViewController.swift; sourceTree = "<group>"; };
		F45AB20926CCA759005EC202 /* IGListCollectionContext+Refinements.swift */ = {isa = PBXFileReference; fileEncoding = 4; lastKnownFileType = sourcecode.swift; path = "IGListCollectionContext+Refinements.swift"; sourceTree = "<group>"; };
		F45AB20A26CCA759005EC202 /* IGListSingleSectionController+Refinements.swift */ = {isa = PBXFileReference; fileEncoding = 4; lastKnownFileType = sourcecode.swift; path = "IGListSingleSectionController+Refinements.swift"; sourceTree = "<group>"; };
		F45AB20B26CCA759005EC202 /* ListValueSectionController.swift */ = {isa = PBXFileReference; fileEncoding = 4; lastKnownFileType = sourcecode.swift; path = ListValueSectionController.swift; sourceTree = "<group>"; };
		F45AB20C26CCA759005EC202 /* IGListSwiftKit.h */ = {isa = PBXFileReference; fileEncoding = 4; lastKnownFileType = sourcecode.c.h; path = IGListSwiftKit.h; sourceTree = "<group>"; };
		F45AB20D26CCA759005EC202 /* ListIdentifiable.swift */ = {isa = PBXFileReference; fileEncoding = 4; lastKnownFileType = sourcecode.swift; path = ListIdentifiable.swift; sourceTree = "<group>"; };
		F45AB21326CCAFB0005EC202 /* EncryptViewController.swift */ = {isa = PBXFileReference; lastKnownFileType = sourcecode.swift; path = EncryptViewController.swift; sourceTree = "<group>"; };
		F476CE9026CF41FB001CAD97 /* TextureViewController.swift */ = {isa = PBXFileReference; lastKnownFileType = sourcecode.swift; path = TextureViewController.swift; sourceTree = "<group>"; };
		F47D509726DC7F45008AC2FF /* ASExtension.swift */ = {isa = PBXFileReference; lastKnownFileType = sourcecode.swift; path = ASExtension.swift; sourceTree = "<group>"; };
		F47D509B26DC9051008AC2FF /* Genericity.swift */ = {isa = PBXFileReference; lastKnownFileType = sourcecode.swift; path = Genericity.swift; sourceTree = "<group>"; };
		F47D50A226DCD389008AC2FF /* ReactiveDemo.swift */ = {isa = PBXFileReference; lastKnownFileType = sourcecode.swift; path = ReactiveDemo.swift; sourceTree = "<group>"; };
		F483C5AB26DE012000D9D728 /* HUDViewController.swift */ = {isa = PBXFileReference; lastKnownFileType = sourcecode.swift; path = HUDViewController.swift; sourceTree = "<group>"; };
		F483C5AD26DE08B000D9D728 /* DDLogWrapper.h */ = {isa = PBXFileReference; lastKnownFileType = sourcecode.c.h; path = DDLogWrapper.h; sourceTree = "<group>"; };
		F483C5AE26DE08B000D9D728 /* DDLogWrapper.m */ = {isa = PBXFileReference; lastKnownFileType = sourcecode.c.objc; path = DDLogWrapper.m; sourceTree = "<group>"; };
		F483C5B526DE2BAE00D9D728 /* LockViewController.swift */ = {isa = PBXFileReference; lastKnownFileType = sourcecode.swift; path = LockViewController.swift; sourceTree = "<group>"; };
		F4A4408326D357C600958FF0 /* AsynExtension.swift */ = {isa = PBXFileReference; lastKnownFileType = sourcecode.swift; path = AsynExtension.swift; sourceTree = "<group>"; };
		F4A4408626D35DFE00958FF0 /* Harton-Bridging-Header.h */ = {isa = PBXFileReference; lastKnownFileType = sourcecode.c.h; path = "Harton-Bridging-Header.h"; sourceTree = "<group>"; };
		F4A4408726D35DFF00958FF0 /* YYWeakProxy.h */ = {isa = PBXFileReference; fileEncoding = 4; lastKnownFileType = sourcecode.c.h; path = YYWeakProxy.h; sourceTree = "<group>"; };
		F4A4408826D35DFF00958FF0 /* YYFPSLabel.h */ = {isa = PBXFileReference; fileEncoding = 4; lastKnownFileType = sourcecode.c.h; path = YYFPSLabel.h; sourceTree = "<group>"; };
		F4A4408926D35DFF00958FF0 /* YYFPSLabel.m */ = {isa = PBXFileReference; fileEncoding = 4; lastKnownFileType = sourcecode.c.objc; path = YYFPSLabel.m; sourceTree = "<group>"; };
		F4A4408A26D35DFF00958FF0 /* YYWeakProxy.m */ = {isa = PBXFileReference; fileEncoding = 4; lastKnownFileType = sourcecode.c.objc; path = YYWeakProxy.m; sourceTree = "<group>"; };
/* End PBXFileReference section */

/* Begin PBXFrameworksBuildPhase section */
		F45AB1DD26CBAA2E005EC202 /* Frameworks */ = {
			isa = PBXFrameworksBuildPhase;
			buildActionMask = 2147483647;
			files = (
				AB920695194E05E3BBB7B7F5 /* Pods_Harton.framework in Frameworks */,
			);
			runOnlyForDeploymentPostprocessing = 0;
		};
/* End PBXFrameworksBuildPhase section */

/* Begin PBXGroup section */
		187D91B126DD132800C1D903 /* BigLotto */ = {
			isa = PBXGroup;
			children = (
				187D91B226DD133D00C1D903 /* BigLottoController.swift */,
			);
			path = BigLotto;
			sourceTree = "<group>";
		};
		3B5E33ACEA27D5AE1EDB2F77 /* Frameworks */ = {
			isa = PBXGroup;
			children = (
				3B8FDEA4D3AA3B7BDB5D951C /* Pods_Harton.framework */,
			);
			name = Frameworks;
			sourceTree = "<group>";
		};
		58306DB2DBD7DC1CC63C2091 /* Pods */ = {
			isa = PBXGroup;
			children = (
				34228D4CCE792FC5B9CD84EE /* Pods-Harton.debug.xcconfig */,
				F0BFB4FE0F79657B08B3A358 /* Pods-Harton.release.xcconfig */,
			);
			path = Pods;
			sourceTree = "<group>";
		};
		F41AA3B726D8C82B000F8A2E /* Http */ = {
			isa = PBXGroup;
			children = (
				F41AA3C726D8D333000F8A2E /* BaseModel.swift */,
				F41AA3BC26D8C833000F8A2E /* CustomMappable.swift */,
				F41AA3BA26D8C833000F8A2E /* HTTPProvider.swift */,
				F41AA3BB26D8C833000F8A2E /* MoyaProvider+CustomConfig.swift */,
				F41AA3B826D8C833000F8A2E /* Response+HandyJson.swift */,
				F41AA3B926D8C833000F8A2E /* Response+ObjectMapper.swift */,
			);
			path = Http;
			sourceTree = "<group>";
		};
		F4279AD726D76B8A001FA081 /* Rx */ = {
			isa = PBXGroup;
			children = (
				F4279AD826D76B9A001FA081 /* RxViewController.swift */,
				F41AA3C326D8C883000F8A2E /* NetViewController.swift */,
				F41AA3CF26D8DE58000F8A2E /* RxNetViewModel.swift */,
				F41AA3CD26D8DE4B000F8A2E /* BaseViewModel.swift */,
				F41AA3C526D8C946000F8A2E /* HartonService.swift */,
				F41AA3C926D8DB15000F8A2E /* ListModel.swift */,
				F41AA3CB26D8DDD5000F8A2E /* RXExtension.swift */,
			);
			path = Rx;
			sourceTree = "<group>";
		};
		F45AB1D726CBAA2D005EC202 = {
			isa = PBXGroup;
			children = (
				F45AB1E226CBAA2E005EC202 /* Harton */,
				F45AB1E126CBAA2E005EC202 /* Products */,
				58306DB2DBD7DC1CC63C2091 /* Pods */,
				3B5E33ACEA27D5AE1EDB2F77 /* Frameworks */,
			);
			sourceTree = "<group>";
		};
		F45AB1E126CBAA2E005EC202 /* Products */ = {
			isa = PBXGroup;
			children = (
				F45AB1E026CBAA2E005EC202 /* Harton.app */,
			);
			name = Products;
			sourceTree = "<group>";
		};
		F45AB1E226CBAA2E005EC202 /* Harton */ = {
			isa = PBXGroup;
			children = (
				F45AB1E326CBAA2E005EC202 /* AppDelegate.swift */,
				F45AB1E526CBAA2E005EC202 /* SceneDelegate.swift */,
				F45AB1E726CBAA2E005EC202 /* ViewController.swift */,
				F45AB1FA26CBB1EF005EC202 /* Base */,
				F45AB1F726CBB0AF005EC202 /* Feature */,
				F45AB1E926CBAA2E005EC202 /* Main.storyboard */,
				F4A4408626D35DFE00958FF0 /* Harton-Bridging-Header.h */,
				F45AB1EC26CBAA30005EC202 /* Assets.xcassets */,
				F45AB1EE26CBAA30005EC202 /* LaunchScreen.storyboard */,
				F45AB1F126CBAA30005EC202 /* Info.plist */,
			);
			path = Harton;
			sourceTree = "<group>";
		};
		F45AB1F726CBB0AF005EC202 /* Feature */ = {
			isa = PBXGroup;
			children = (
				187D91B126DD132800C1D903 /* BigLotto */,
				F483C5B126DE2B8D00D9D728 /* Lock */,
				F483C5AA26DE010C00D9D728 /* Promise */,
				F47D50A126DCD37B008AC2FF /* ReactiveCocoa */,
				F47D509A26DC9042008AC2FF /* Genericity */,
				F4279AD726D76B8A001FA081 /* Rx */,
				F4A4408526D35DF600958FF0 /* YY */,
				F45AB21226CCAF99005EC202 /* secrict */,
				F45AB20526CCA607005EC202 /* IGListKit */,
				F45AB20426CBC32D005EC202 /* Texture */,
				F45AB20126CBC29A005EC202 /* isa */,
				F45AB1FE26CBC221005EC202 /* database */,
				F45AB1FD26CBC217005EC202 /* sandbox */,
			);
			path = Feature;
			sourceTree = "<group>";
		};
		F45AB1FA26CBB1EF005EC202 /* Base */ = {
			isa = PBXGroup;
			children = (
				F41AA3B726D8C82B000F8A2E /* Http */,
				F45AB1FB26CBB1F7005EC202 /* BaseViewController.swift */,
				F47D509726DC7F45008AC2FF /* ASExtension.swift */,
				F483C5B026DE08E900D9D728 /* log */,
			);
			path = Base;
			sourceTree = "<group>";
		};
		F45AB1FD26CBC217005EC202 /* sandbox */ = {
			isa = PBXGroup;
			children = (
				F45AB1F826CBB0E1005EC202 /* SandBoxViewController.swift */,
			);
			path = sandbox;
			sourceTree = "<group>";
		};
		F45AB1FE26CBC221005EC202 /* database */ = {
			isa = PBXGroup;
			children = (
				F45AB1FF26CBC234005EC202 /* DataBaseViewController.swift */,
			);
			path = database;
			sourceTree = "<group>";
		};
		F45AB20126CBC29A005EC202 /* isa */ = {
			isa = PBXGroup;
			children = (
				F45AB20226CBC2B1005EC202 /* IsaViewController.swift */,
			);
			path = isa;
			sourceTree = "<group>";
		};
		F45AB20426CBC32D005EC202 /* Texture */ = {
			isa = PBXGroup;
			children = (
				F476CE9026CF41FB001CAD97 /* TextureViewController.swift */,
				F4A4408326D357C600958FF0 /* AsynExtension.swift */,
			);
			path = Texture;
			sourceTree = "<group>";
		};
		F45AB20526CCA607005EC202 /* IGListKit */ = {
			isa = PBXGroup;
			children = (
				F45AB20826CCA759005EC202 /* IGListSwiftKit */,
				F45AB20626CCA615005EC202 /* IGLViewController.swift */,
			);
			path = IGListKit;
			sourceTree = "<group>";
		};
		F45AB20826CCA759005EC202 /* IGListSwiftKit */ = {
			isa = PBXGroup;
			children = (
				F45AB20926CCA759005EC202 /* IGListCollectionContext+Refinements.swift */,
				F45AB20A26CCA759005EC202 /* IGListSingleSectionController+Refinements.swift */,
				F45AB20B26CCA759005EC202 /* ListValueSectionController.swift */,
				F45AB20C26CCA759005EC202 /* IGListSwiftKit.h */,
				F45AB20D26CCA759005EC202 /* ListIdentifiable.swift */,
			);
			path = IGListSwiftKit;
			sourceTree = "<group>";
		};
		F45AB21226CCAF99005EC202 /* secrict */ = {
			isa = PBXGroup;
			children = (
				F45AB21326CCAFB0005EC202 /* EncryptViewController.swift */,
			);
			path = secrict;
			sourceTree = "<group>";
		};
		F47D509A26DC9042008AC2FF /* Genericity */ = {
			isa = PBXGroup;
			children = (
				F47D509B26DC9051008AC2FF /* Genericity.swift */,
			);
			path = Genericity;
			sourceTree = "<group>";
		};
		F47D50A126DCD37B008AC2FF /* ReactiveCocoa */ = {
			isa = PBXGroup;
			children = (
				F47D50A226DCD389008AC2FF /* ReactiveDemo.swift */,
			);
			path = ReactiveCocoa;
			sourceTree = "<group>";
		};
		F483C5AA26DE010C00D9D728 /* Promise */ = {
			isa = PBXGroup;
			children = (
				F483C5AB26DE012000D9D728 /* HUDViewController.swift */,
			);
			path = Promise;
			sourceTree = "<group>";
		};
		F483C5B026DE08E900D9D728 /* log */ = {
			isa = PBXGroup;
			children = (
				F483C5AD26DE08B000D9D728 /* DDLogWrapper.h */,
				F483C5AE26DE08B000D9D728 /* DDLogWrapper.m */,
				F41AA3B526D8BA42000F8A2E /* LogExtension.swift */,
			);
			path = log;
			sourceTree = "<group>";
		};
		F483C5B126DE2B8D00D9D728 /* Lock */ = {
			isa = PBXGroup;
			children = (
				F483C5B526DE2BAE00D9D728 /* LockViewController.swift */,
			);
			path = Lock;
			sourceTree = "<group>";
		};
		F4A4408526D35DF600958FF0 /* YY */ = {
			isa = PBXGroup;
			children = (
				F4A4408826D35DFF00958FF0 /* YYFPSLabel.h */,
				F4A4408926D35DFF00958FF0 /* YYFPSLabel.m */,
				F4A4408726D35DFF00958FF0 /* YYWeakProxy.h */,
				F4A4408A26D35DFF00958FF0 /* YYWeakProxy.m */,
			);
			path = YY;
			sourceTree = "<group>";
		};
/* End PBXGroup section */

/* Begin PBXNativeTarget section */
		F45AB1DF26CBAA2E005EC202 /* Harton */ = {
			isa = PBXNativeTarget;
			buildConfigurationList = F45AB1F426CBAA30005EC202 /* Build configuration list for PBXNativeTarget "Harton" */;
			buildPhases = (
				CEE1ACE8B3235A878A0F6FD2 /* [CP] Check Pods Manifest.lock */,
				F45AB1DC26CBAA2E005EC202 /* Sources */,
				F45AB1DD26CBAA2E005EC202 /* Frameworks */,
				F45AB1DE26CBAA2E005EC202 /* Resources */,
				107107D4F452C50782339837 /* [CP] Embed Pods Frameworks */,
			);
			buildRules = (
			);
			dependencies = (
			);
			name = Harton;
			productName = Harton;
			productReference = F45AB1E026CBAA2E005EC202 /* Harton.app */;
			productType = "com.apple.product-type.application";
		};
/* End PBXNativeTarget section */

/* Begin PBXProject section */
		F45AB1D826CBAA2E005EC202 /* Project object */ = {
			isa = PBXProject;
			attributes = {
				LastSwiftUpdateCheck = 1250;
				LastUpgradeCheck = 1250;
				TargetAttributes = {
					F45AB1DF26CBAA2E005EC202 = {
						CreatedOnToolsVersion = 12.5;
						LastSwiftMigration = 1250;
					};
				};
			};
			buildConfigurationList = F45AB1DB26CBAA2E005EC202 /* Build configuration list for PBXProject "Harton" */;
			compatibilityVersion = "Xcode 9.3";
			developmentRegion = en;
			hasScannedForEncodings = 0;
			knownRegions = (
				en,
				Base,
			);
			mainGroup = F45AB1D726CBAA2D005EC202;
			productRefGroup = F45AB1E126CBAA2E005EC202 /* Products */;
			projectDirPath = "";
			projectRoot = "";
			targets = (
				F45AB1DF26CBAA2E005EC202 /* Harton */,
			);
		};
/* End PBXProject section */

/* Begin PBXResourcesBuildPhase section */
		F45AB1DE26CBAA2E005EC202 /* Resources */ = {
			isa = PBXResourcesBuildPhase;
			buildActionMask = 2147483647;
			files = (
				F45AB1F026CBAA30005EC202 /* LaunchScreen.storyboard in Resources */,
				F45AB1ED26CBAA30005EC202 /* Assets.xcassets in Resources */,
				F45AB1EB26CBAA2E005EC202 /* Main.storyboard in Resources */,
			);
			runOnlyForDeploymentPostprocessing = 0;
		};
/* End PBXResourcesBuildPhase section */

/* Begin PBXShellScriptBuildPhase section */
		107107D4F452C50782339837 /* [CP] Embed Pods Frameworks */ = {
			isa = PBXShellScriptBuildPhase;
			buildActionMask = 2147483647;
			files = (
			);
			inputFileListPaths = (
				"${PODS_ROOT}/Target Support Files/Pods-Harton/Pods-Harton-frameworks-${CONFIGURATION}-input-files.xcfilelist",
			);
			name = "[CP] Embed Pods Frameworks";
			outputFileListPaths = (
				"${PODS_ROOT}/Target Support Files/Pods-Harton/Pods-Harton-frameworks-${CONFIGURATION}-output-files.xcfilelist",
			);
			runOnlyForDeploymentPostprocessing = 0;
			shellPath = /bin/sh;
			shellScript = "\"${PODS_ROOT}/Target Support Files/Pods-Harton/Pods-Harton-frameworks.sh\"\n";
			showEnvVarsInLog = 0;
		};
		CEE1ACE8B3235A878A0F6FD2 /* [CP] Check Pods Manifest.lock */ = {
			isa = PBXShellScriptBuildPhase;
			buildActionMask = 2147483647;
			files = (
			);
			inputFileListPaths = (
			);
			inputPaths = (
				"${PODS_PODFILE_DIR_PATH}/Podfile.lock",
				"${PODS_ROOT}/Manifest.lock",
			);
			name = "[CP] Check Pods Manifest.lock";
			outputFileListPaths = (
			);
			outputPaths = (
				"$(DERIVED_FILE_DIR)/Pods-Harton-checkManifestLockResult.txt",
			);
			runOnlyForDeploymentPostprocessing = 0;
			shellPath = /bin/sh;
			shellScript = "diff \"${PODS_PODFILE_DIR_PATH}/Podfile.lock\" \"${PODS_ROOT}/Manifest.lock\" > /dev/null\nif [ $? != 0 ] ; then\n    # print error to STDERR\n    echo \"error: The sandbox is not in sync with the Podfile.lock. Run 'pod install' or update your CocoaPods installation.\" >&2\n    exit 1\nfi\n# This output is used by Xcode 'outputs' to avoid re-running this script phase.\necho \"SUCCESS\" > \"${SCRIPT_OUTPUT_FILE_0}\"\n";
			showEnvVarsInLog = 0;
		};
/* End PBXShellScriptBuildPhase section */

/* Begin PBXSourcesBuildPhase section */
		F45AB1DC26CBAA2E005EC202 /* Sources */ = {
			isa = PBXSourcesBuildPhase;
			buildActionMask = 2147483647;
			files = (
				F483C5AF26DE08B000D9D728 /* DDLogWrapper.m in Sources */,
				F4279AD926D76B9A001FA081 /* RxViewController.swift in Sources */,
				F41AA3C626D8C946000F8A2E /* HartonService.swift in Sources */,
				F483C5B626DE2BAE00D9D728 /* LockViewController.swift in Sources */,
				F45AB20F26CCA759005EC202 /* IGListSingleSectionController+Refinements.swift in Sources */,
				F483C5AC26DE012000D9D728 /* HUDViewController.swift in Sources */,
				F41AA3BF26D8C833000F8A2E /* HTTPProvider.swift in Sources */,
				F41AA3C026D8C833000F8A2E /* MoyaProvider+CustomConfig.swift in Sources */,
				F41AA3CC26D8DDD5000F8A2E /* RXExtension.swift in Sources */,
				F41AA3C126D8C833000F8A2E /* CustomMappable.swift in Sources */,
				F4A4408426D357C600958FF0 /* AsynExtension.swift in Sources */,
				F41AA3B626D8BA42000F8A2E /* LogExtension.swift in Sources */,
				F47D50A326DCD389008AC2FF /* ReactiveDemo.swift in Sources */,
				F4A4408B26D35DFF00958FF0 /* YYFPSLabel.m in Sources */,
				F41AA3BE26D8C833000F8A2E /* Response+ObjectMapper.swift in Sources */,
				F41AA3CE26D8DE4B000F8A2E /* BaseViewModel.swift in Sources */,
				F45AB21126CCA759005EC202 /* ListIdentifiable.swift in Sources */,
				F41AA3CA26D8DB15000F8A2E /* ListModel.swift in Sources */,
				F47D509C26DC9051008AC2FF /* Genericity.swift in Sources */,
				F476CE9126CF41FB001CAD97 /* TextureViewController.swift in Sources */,
				F45AB1FC26CBB1F7005EC202 /* BaseViewController.swift in Sources */,
				F45AB1F926CBB0E1005EC202 /* SandBoxViewController.swift in Sources */,
				F45AB21026CCA759005EC202 /* ListValueSectionController.swift in Sources */,
				F45AB1E826CBAA2E005EC202 /* ViewController.swift in Sources */,
				F45AB20E26CCA759005EC202 /* IGListCollectionContext+Refinements.swift in Sources */,
				F41AA3C426D8C883000F8A2E /* NetViewController.swift in Sources */,
				F41AA3C826D8D333000F8A2E /* BaseModel.swift in Sources */,
				F45AB20326CBC2B1005EC202 /* IsaViewController.swift in Sources */,
				F45AB20026CBC234005EC202 /* DataBaseViewController.swift in Sources */,
				F45AB20726CCA615005EC202 /* IGLViewController.swift in Sources */,
				F4A4408C26D35DFF00958FF0 /* YYWeakProxy.m in Sources */,
				F45AB21426CCAFB0005EC202 /* EncryptViewController.swift in Sources */,
				F45AB1E426CBAA2E005EC202 /* AppDelegate.swift in Sources */,
				F41AA3D026D8DE58000F8A2E /* RxNetViewModel.swift in Sources */,
				F47D509826DC7F45008AC2FF /* ASExtension.swift in Sources */,
				F45AB1E626CBAA2E005EC202 /* SceneDelegate.swift in Sources */,
				F41AA3BD26D8C833000F8A2E /* Response+HandyJson.swift in Sources */,
				187D91B326DD133D00C1D903 /* BigLottoController.swift in Sources */,
			);
			runOnlyForDeploymentPostprocessing = 0;
		};
/* End PBXSourcesBuildPhase section */

/* Begin PBXVariantGroup section */
		F45AB1E926CBAA2E005EC202 /* Main.storyboard */ = {
			isa = PBXVariantGroup;
			children = (
				F45AB1EA26CBAA2E005EC202 /* Base */,
			);
			name = Main.storyboard;
			sourceTree = "<group>";
		};
		F45AB1EE26CBAA30005EC202 /* LaunchScreen.storyboard */ = {
			isa = PBXVariantGroup;
			children = (
				F45AB1EF26CBAA30005EC202 /* Base */,
			);
			name = LaunchScreen.storyboard;
			sourceTree = "<group>";
		};
/* End PBXVariantGroup section */

/* Begin XCBuildConfiguration section */
		F45AB1F226CBAA30005EC202 /* Debug */ = {
			isa = XCBuildConfiguration;
			buildSettings = {
				ALWAYS_SEARCH_USER_PATHS = NO;
				CLANG_ANALYZER_NONNULL = YES;
				CLANG_ANALYZER_NUMBER_OBJECT_CONVERSION = YES_AGGRESSIVE;
				CLANG_CXX_LANGUAGE_STANDARD = "gnu++14";
				CLANG_CXX_LIBRARY = "libc++";
				CLANG_ENABLE_MODULES = YES;
				CLANG_ENABLE_OBJC_ARC = YES;
				CLANG_ENABLE_OBJC_WEAK = YES;
				CLANG_WARN_BLOCK_CAPTURE_AUTORELEASING = YES;
				CLANG_WARN_BOOL_CONVERSION = YES;
				CLANG_WARN_COMMA = YES;
				CLANG_WARN_CONSTANT_CONVERSION = YES;
				CLANG_WARN_DEPRECATED_OBJC_IMPLEMENTATIONS = YES;
				CLANG_WARN_DIRECT_OBJC_ISA_USAGE = YES_ERROR;
				CLANG_WARN_DOCUMENTATION_COMMENTS = YES;
				CLANG_WARN_EMPTY_BODY = YES;
				CLANG_WARN_ENUM_CONVERSION = YES;
				CLANG_WARN_INFINITE_RECURSION = YES;
				CLANG_WARN_INT_CONVERSION = YES;
				CLANG_WARN_NON_LITERAL_NULL_CONVERSION = YES;
				CLANG_WARN_OBJC_IMPLICIT_RETAIN_SELF = YES;
				CLANG_WARN_OBJC_LITERAL_CONVERSION = YES;
				CLANG_WARN_OBJC_ROOT_CLASS = YES_ERROR;
				CLANG_WARN_QUOTED_INCLUDE_IN_FRAMEWORK_HEADER = YES;
				CLANG_WARN_RANGE_LOOP_ANALYSIS = YES;
				CLANG_WARN_STRICT_PROTOTYPES = YES;
				CLANG_WARN_SUSPICIOUS_MOVE = YES;
				CLANG_WARN_UNGUARDED_AVAILABILITY = YES_AGGRESSIVE;
				CLANG_WARN_UNREACHABLE_CODE = YES;
				CLANG_WARN__DUPLICATE_METHOD_MATCH = YES;
				COPY_PHASE_STRIP = NO;
				DEBUG_INFORMATION_FORMAT = dwarf;
				ENABLE_STRICT_OBJC_MSGSEND = YES;
				ENABLE_TESTABILITY = YES;
				GCC_C_LANGUAGE_STANDARD = gnu11;
				GCC_DYNAMIC_NO_PIC = NO;
				GCC_NO_COMMON_BLOCKS = YES;
				GCC_OPTIMIZATION_LEVEL = 0;
				GCC_PREPROCESSOR_DEFINITIONS = (
					"DEBUG=1",
					"$(inherited)",
				);
				GCC_WARN_64_TO_32_BIT_CONVERSION = YES;
				GCC_WARN_ABOUT_RETURN_TYPE = YES_ERROR;
				GCC_WARN_UNDECLARED_SELECTOR = YES;
				GCC_WARN_UNINITIALIZED_AUTOS = YES_AGGRESSIVE;
				GCC_WARN_UNUSED_FUNCTION = YES;
				GCC_WARN_UNUSED_VARIABLE = YES;
				IPHONEOS_DEPLOYMENT_TARGET = 14.5;
				MTL_ENABLE_DEBUG_INFO = INCLUDE_SOURCE;
				MTL_FAST_MATH = YES;
				ONLY_ACTIVE_ARCH = YES;
				SDKROOT = iphoneos;
				SWIFT_ACTIVE_COMPILATION_CONDITIONS = DEBUG;
				SWIFT_OPTIMIZATION_LEVEL = "-Onone";
			};
			name = Debug;
		};
		F45AB1F326CBAA30005EC202 /* Release */ = {
			isa = XCBuildConfiguration;
			buildSettings = {
				ALWAYS_SEARCH_USER_PATHS = NO;
				CLANG_ANALYZER_NONNULL = YES;
				CLANG_ANALYZER_NUMBER_OBJECT_CONVERSION = YES_AGGRESSIVE;
				CLANG_CXX_LANGUAGE_STANDARD = "gnu++14";
				CLANG_CXX_LIBRARY = "libc++";
				CLANG_ENABLE_MODULES = YES;
				CLANG_ENABLE_OBJC_ARC = YES;
				CLANG_ENABLE_OBJC_WEAK = YES;
				CLANG_WARN_BLOCK_CAPTURE_AUTORELEASING = YES;
				CLANG_WARN_BOOL_CONVERSION = YES;
				CLANG_WARN_COMMA = YES;
				CLANG_WARN_CONSTANT_CONVERSION = YES;
				CLANG_WARN_DEPRECATED_OBJC_IMPLEMENTATIONS = YES;
				CLANG_WARN_DIRECT_OBJC_ISA_USAGE = YES_ERROR;
				CLANG_WARN_DOCUMENTATION_COMMENTS = YES;
				CLANG_WARN_EMPTY_BODY = YES;
				CLANG_WARN_ENUM_CONVERSION = YES;
				CLANG_WARN_INFINITE_RECURSION = YES;
				CLANG_WARN_INT_CONVERSION = YES;
				CLANG_WARN_NON_LITERAL_NULL_CONVERSION = YES;
				CLANG_WARN_OBJC_IMPLICIT_RETAIN_SELF = YES;
				CLANG_WARN_OBJC_LITERAL_CONVERSION = YES;
				CLANG_WARN_OBJC_ROOT_CLASS = YES_ERROR;
				CLANG_WARN_QUOTED_INCLUDE_IN_FRAMEWORK_HEADER = YES;
				CLANG_WARN_RANGE_LOOP_ANALYSIS = YES;
				CLANG_WARN_STRICT_PROTOTYPES = YES;
				CLANG_WARN_SUSPICIOUS_MOVE = YES;
				CLANG_WARN_UNGUARDED_AVAILABILITY = YES_AGGRESSIVE;
				CLANG_WARN_UNREACHABLE_CODE = YES;
				CLANG_WARN__DUPLICATE_METHOD_MATCH = YES;
				COPY_PHASE_STRIP = NO;
				DEBUG_INFORMATION_FORMAT = "dwarf-with-dsym";
				ENABLE_NS_ASSERTIONS = NO;
				ENABLE_STRICT_OBJC_MSGSEND = YES;
				GCC_C_LANGUAGE_STANDARD = gnu11;
				GCC_NO_COMMON_BLOCKS = YES;
				GCC_WARN_64_TO_32_BIT_CONVERSION = YES;
				GCC_WARN_ABOUT_RETURN_TYPE = YES_ERROR;
				GCC_WARN_UNDECLARED_SELECTOR = YES;
				GCC_WARN_UNINITIALIZED_AUTOS = YES_AGGRESSIVE;
				GCC_WARN_UNUSED_FUNCTION = YES;
				GCC_WARN_UNUSED_VARIABLE = YES;
				IPHONEOS_DEPLOYMENT_TARGET = 14.5;
				MTL_ENABLE_DEBUG_INFO = NO;
				MTL_FAST_MATH = YES;
				SDKROOT = iphoneos;
				SWIFT_COMPILATION_MODE = wholemodule;
				SWIFT_OPTIMIZATION_LEVEL = "-O";
				VALIDATE_PRODUCT = YES;
			};
			name = Release;
		};
		F45AB1F526CBAA30005EC202 /* Debug */ = {
			isa = XCBuildConfiguration;
			baseConfigurationReference = 34228D4CCE792FC5B9CD84EE /* Pods-Harton.debug.xcconfig */;
			buildSettings = {
				ASSETCATALOG_COMPILER_APPICON_NAME = AppIcon;
				ASSETCATALOG_COMPILER_GLOBAL_ACCENT_COLOR_NAME = AccentColor;
				CLANG_ENABLE_MODULES = YES;
				CODE_SIGN_STYLE = Automatic;
				DEVELOPMENT_TEAM = FMJJ4AT737;
				INFOPLIST_FILE = Harton/Info.plist;
				LD_RUNPATH_SEARCH_PATHS = (
					"$(inherited)",
					"@executable_path/Frameworks",
				);
				PRODUCT_BUNDLE_IDENTIFIER = com.harton.Harton;
				PRODUCT_NAME = "$(TARGET_NAME)";
				SWIFT_OBJC_BRIDGING_HEADER = "Harton/Harton-Bridging-Header.h";
				SWIFT_OPTIMIZATION_LEVEL = "-Onone";
				SWIFT_VERSION = 5.0;
				TARGETED_DEVICE_FAMILY = "1,2";
			};
			name = Debug;
		};
		F45AB1F626CBAA30005EC202 /* Release */ = {
			isa = XCBuildConfiguration;
			baseConfigurationReference = F0BFB4FE0F79657B08B3A358 /* Pods-Harton.release.xcconfig */;
			buildSettings = {
				ASSETCATALOG_COMPILER_APPICON_NAME = AppIcon;
				ASSETCATALOG_COMPILER_GLOBAL_ACCENT_COLOR_NAME = AccentColor;
				CLANG_ENABLE_MODULES = YES;
				CODE_SIGN_STYLE = Automatic;
				DEVELOPMENT_TEAM = FMJJ4AT737;
				INFOPLIST_FILE = Harton/Info.plist;
				LD_RUNPATH_SEARCH_PATHS = (
					"$(inherited)",
					"@executable_path/Frameworks",
				);
				PRODUCT_BUNDLE_IDENTIFIER = com.harton.Harton;
				PRODUCT_NAME = "$(TARGET_NAME)";
				SWIFT_OBJC_BRIDGING_HEADER = "Harton/Harton-Bridging-Header.h";
				SWIFT_VERSION = 5.0;
				TARGETED_DEVICE_FAMILY = "1,2";
			};
			name = Release;
		};
/* End XCBuildConfiguration section */

/* Begin XCConfigurationList section */
		F45AB1DB26CBAA2E005EC202 /* Build configuration list for PBXProject "Harton" */ = {
			isa = XCConfigurationList;
			buildConfigurations = (
				F45AB1F226CBAA30005EC202 /* Debug */,
				F45AB1F326CBAA30005EC202 /* Release */,
			);
			defaultConfigurationIsVisible = 0;
			defaultConfigurationName = Release;
		};
		F45AB1F426CBAA30005EC202 /* Build configuration list for PBXNativeTarget "Harton" */ = {
			isa = XCConfigurationList;
			buildConfigurations = (
				F45AB1F526CBAA30005EC202 /* Debug */,
				F45AB1F626CBAA30005EC202 /* Release */,
			);
			defaultConfigurationIsVisible = 0;
			defaultConfigurationName = Release;
		};
/* End XCConfigurationList section */
	};
	rootObject = F45AB1D826CBAA2E005EC202 /* Project object */;
}
