// !$*UTF8*$!
{
	archiveVersion = 1;
	classes = {
	};
	objectVersion = 51;
	objects = {

/* Begin PBXBuildFile section */
		AB920695194E05E3BBB7B7F5 /* Pods_Harton.framework in Frameworks */ = {isa = PBXBuildFile; fileRef = 3B8FDEA4D3AA3B7BDB5D951C /* Pods_Harton.framework */; };
		F45AB1E426CBAA2E005EC202 /* AppDelegate.swift in Sources */ = {isa = PBXBuildFile; fileRef = F45AB1E326CBAA2E005EC202 /* AppDelegate.swift */; };
		F45AB1E626CBAA2E005EC202 /* SceneDelegate.swift in Sources */ = {isa = PBXBuildFile; fileRef = F45AB1E526CBAA2E005EC202 /* SceneDelegate.swift */; };
		F45AB1E826CBAA2E005EC202 /* ViewController.swift in Sources */ = {isa = PBXBuildFile; fileRef = F45AB1E726CBAA2E005EC202 /* ViewController.swift */; };
		F45AB1EB26CBAA2E005EC202 /* Main.storyboard in Resources */ = {isa = PBXBuildFile; fileRef = F45AB1E926CBAA2E005EC202 /* Main.storyboard */; };
		F45AB1ED26CBAA30005EC202 /* Assets.xcassets in Resources */ = {isa = PBXBuildFile; fileRef = F45AB1EC26CBAA30005EC202 /* Assets.xcassets */; };
		F45AB1F026CBAA30005EC202 /* LaunchScreen.storyboard in Resources */ = {isa = PBXBuildFile; fileRef = F45AB1EE26CBAA30005EC202 /* LaunchScreen.storyboard */; };
		F45AB1F926CBB0E1005EC202 /* SandBoxViewController.swift in Sources */ = {isa = PBXBuildFile; fileRef = F45AB1F826CBB0E1005EC202 /* SandBoxViewController.swift */; };
		F45AB1FC26CBB1F7005EC202 /* BaseViewController.swift in Sources */ = {isa = PBXBuildFile; fileRef = F45AB1FB26CBB1F7005EC202 /* BaseViewController.swift */; };
/* End PBXBuildFile section */

/* Begin PBXFileReference section */
		34228D4CCE792FC5B9CD84EE /* Pods-Harton.debug.xcconfig */ = {isa = PBXFileReference; includeInIndex = 1; lastKnownFileType = text.xcconfig; name = "Pods-Harton.debug.xcconfig"; path = "Target Support Files/Pods-Harton/Pods-Harton.debug.xcconfig"; sourceTree = "<group>"; };
		3B8FDEA4D3AA3B7BDB5D951C /* Pods_Harton.framework */ = {isa = PBXFileReference; explicitFileType = wrapper.framework; includeInIndex = 0; path = Pods_Harton.framework; sourceTree = BUILT_PRODUCTS_DIR; };
		F0BFB4FE0F79657B08B3A358 /* Pods-Harton.release.xcconfig */ = {isa = PBXFileReference; includeInIndex = 1; lastKnownFileType = text.xcconfig; name = "Pods-Harton.release.xcconfig"; path = "Target Support Files/Pods-Harton/Pods-Harton.release.xcconfig"; sourceTree = "<group>"; };
		F45AB1E026CBAA2E005EC202 /* Harton.app */ = {isa = PBXFileReference; explicitFileType = wrapper.application; includeInIndex = 0; path = Harton.app; sourceTree = BUILT_PRODUCTS_DIR; };
		F45AB1E326CBAA2E005EC202 /* AppDelegate.swift */ = {isa = PBXFileReference; lastKnownFileType = sourcecode.swift; path = AppDelegate.swift; sourceTree = "<group>"; };
		F45AB1E526CBAA2E005EC202 /* SceneDelegate.swift */ = {isa = PBXFileReference; lastKnownFileType = sourcecode.swift; path = SceneDelegate.swift; sourceTree = "<group>"; };
		F45AB1E726CBAA2E005EC202 /* ViewController.swift */ = {isa = PBXFileReference; lastKnownFileType = sourcecode.swift; path = ViewController.swift; sourceTree = "<group>"; };
		F45AB1EA26CBAA2E005EC202 /* Base */ = {isa = PBXFileReference; lastKnownFileType = file.storyboard; name = Base; path = Base.lproj/Main.storyboard; sourceTree = "<group>"; };
		F45AB1EC26CBAA30005EC202 /* Assets.xcassets */ = {isa = PBXFileReference; lastKnownFileType = folder.assetcatalog; path = Assets.xcassets; sourceTree = "<group>"; };
		F45AB1EF26CBAA30005EC202 /* Base */ = {isa = PBXFileReference; lastKnownFileType = file.storyboard; name = Base; path = Base.lproj/LaunchScreen.storyboard; sourceTree = "<group>"; };
		F45AB1F126CBAA30005EC202 /* Info.plist */ = {isa = PBXFileReference; lastKnownFileType = text.plist.xml; path = Info.plist; sourceTree = "<group>"; };
		F45AB1F826CBB0E1005EC202 /* SandBoxViewController.swift */ = {isa = PBXFileReference; lastKnownFileType = sourcecode.swift; path = SandBoxViewController.swift; sourceTree = "<group>"; };
		F45AB1FB26CBB1F7005EC202 /* BaseViewController.swift */ = {isa = PBXFileReference; lastKnownFileType = sourcecode.swift; path = BaseViewController.swift; sourceTree = "<group>"; };
/* End PBXFileReference section */

/* Begin PBXFrameworksBuildPhase section */
		F45AB1DD26CBAA2E005EC202 /* Frameworks */ = {
			isa = PBXFrameworksBuildPhase;
			buildActionMask = 2147483647;
			files = (
				AB920695194E05E3BBB7B7F5 /* Pods_Harton.framework in Frameworks */,
			);
			runOnlyForDeploymentPostprocessing = 0;
		};
/* End PBXFrameworksBuildPhase section */

/* Begin PBXGroup section */
		3B5E33ACEA27D5AE1EDB2F77 /* Frameworks */ = {
			isa = PBXGroup;
			children = (
				3B8FDEA4D3AA3B7BDB5D951C /* Pods_Harton.framework */,
			);
			name = Frameworks;
			sourceTree = "<group>";
		};
		58306DB2DBD7DC1CC63C2091 /* Pods */ = {
			isa = PBXGroup;
			children = (
				34228D4CCE792FC5B9CD84EE /* Pods-Harton.debug.xcconfig */,
				F0BFB4FE0F79657B08B3A358 /* Pods-Harton.release.xcconfig */,
			);
			path = Pods;
			sourceTree = "<group>";
		};
		F45AB1D726CBAA2D005EC202 = {
			isa = PBXGroup;
			children = (
				F45AB1E226CBAA2E005EC202 /* Harton */,
				F45AB1E126CBAA2E005EC202 /* Products */,
				58306DB2DBD7DC1CC63C2091 /* Pods */,
				3B5E33ACEA27D5AE1EDB2F77 /* Frameworks */,
			);
			sourceTree = "<group>";
		};
		F45AB1E126CBAA2E005EC202 /* Products */ = {
			isa = PBXGroup;
			children = (
				F45AB1E026CBAA2E005EC202 /* Harton.app */,
			);
			name = Products;
			sourceTree = "<group>";
		};
		F45AB1E226CBAA2E005EC202 /* Harton */ = {
			isa = PBXGroup;
			children = (
				F45AB1E326CBAA2E005EC202 /* AppDelegate.swift */,
				F45AB1E526CBAA2E005EC202 /* SceneDelegate.swift */,
				F45AB1E726CBAA2E005EC202 /* ViewController.swift */,
				F45AB1FA26CBB1EF005EC202 /* Base */,
				F45AB1F726CBB0AF005EC202 /* Feature */,
				F45AB1E926CBAA2E005EC202 /* Main.storyboard */,
				F45AB1EC26CBAA30005EC202 /* Assets.xcassets */,
				F45AB1EE26CBAA30005EC202 /* LaunchScreen.storyboard */,
				F45AB1F126CBAA30005EC202 /* Info.plist */,
			);
			path = Harton;
			sourceTree = "<group>";
		};
		F45AB1F726CBB0AF005EC202 /* Feature */ = {
			isa = PBXGroup;
			children = (
				F45AB1F826CBB0E1005EC202 /* SandBoxViewController.swift */,
			);
			path = Feature;
			sourceTree = "<group>";
		};
		F45AB1FA26CBB1EF005EC202 /* Base */ = {
			isa = PBXGroup;
			children = (
				F45AB1FB26CBB1F7005EC202 /* BaseViewController.swift */,
			);
			path = Base;
			sourceTree = "<group>";
		};
/* End PBXGroup section */

/* Begin PBXNativeTarget section */
		F45AB1DF26CBAA2E005EC202 /* Harton */ = {
			isa = PBXNativeTarget;
			buildConfigurationList = F45AB1F426CBAA30005EC202 /* Build configuration list for PBXNativeTarget "Harton" */;
			buildPhases = (
				CEE1ACE8B3235A878A0F6FD2 /* [CP] Check Pods Manifest.lock */,
				F45AB1DC26CBAA2E005EC202 /* Sources */,
				F45AB1DD26CBAA2E005EC202 /* Frameworks */,
				F45AB1DE26CBAA2E005EC202 /* Resources */,
				107107D4F452C50782339837 /* [CP] Embed Pods Frameworks */,
			);
			buildRules = (
			);
			dependencies = (
			);
			name = Harton;
			productName = Harton;
			productReference = F45AB1E026CBAA2E005EC202 /* Harton.app */;
			productType = "com.apple.product-type.application";
		};
/* End PBXNativeTarget section */

/* Begin PBXProject section */
		F45AB1D826CBAA2E005EC202 /* Project object */ = {
			isa = PBXProject;
			attributes = {
				LastSwiftUpdateCheck = 1250;
				LastUpgradeCheck = 1250;
				TargetAttributes = {
					F45AB1DF26CBAA2E005EC202 = {
						CreatedOnToolsVersion = 12.5;
					};
				};
			};
			buildConfigurationList = F45AB1DB26CBAA2E005EC202 /* Build configuration list for PBXProject "Harton" */;
			compatibilityVersion = "Xcode 9.3";
			developmentRegion = en;
			hasScannedForEncodings = 0;
			knownRegions = (
				en,
				Base,
			);
			mainGroup = F45AB1D726CBAA2D005EC202;
			productRefGroup = F45AB1E126CBAA2E005EC202 /* Products */;
			projectDirPath = "";
			projectRoot = "";
			targets = (
				F45AB1DF26CBAA2E005EC202 /* Harton */,
			);
		};
/* End PBXProject section */

/* Begin PBXResourcesBuildPhase section */
		F45AB1DE26CBAA2E005EC202 /* Resources */ = {
			isa = PBXResourcesBuildPhase;
			buildActionMask = 2147483647;
			files = (
				F45AB1F026CBAA30005EC202 /* LaunchScreen.storyboard in Resources */,
				F45AB1ED26CBAA30005EC202 /* Assets.xcassets in Resources */,
				F45AB1EB26CBAA2E005EC202 /* Main.storyboard in Resources */,
			);
			runOnlyForDeploymentPostprocessing = 0;
		};
/* End PBXResourcesBuildPhase section */

/* Begin PBXShellScriptBuildPhase section */
		107107D4F452C50782339837 /* [CP] Embed Pods Frameworks */ = {
			isa = PBXShellScriptBuildPhase;
			buildActionMask = 2147483647;
			files = (
			);
			inputFileListPaths = (
				"${PODS_ROOT}/Target Support Files/Pods-Harton/Pods-Harton-frameworks-${CONFIGURATION}-input-files.xcfilelist",
			);
			name = "[CP] Embed Pods Frameworks";
			outputFileListPaths = (
				"${PODS_ROOT}/Target Support Files/Pods-Harton/Pods-Harton-frameworks-${CONFIGURATION}-output-files.xcfilelist",
			);
			runOnlyForDeploymentPostprocessing = 0;
			shellPath = /bin/sh;
			shellScript = "\"${PODS_ROOT}/Target Support Files/Pods-Harton/Pods-Harton-frameworks.sh\"\n";
			showEnvVarsInLog = 0;
		};
		CEE1ACE8B3235A878A0F6FD2 /* [CP] Check Pods Manifest.lock */ = {
			isa = PBXShellScriptBuildPhase;
			buildActionMask = 2147483647;
			files = (
			);
			inputFileListPaths = (
			);
			inputPaths = (
				"${PODS_PODFILE_DIR_PATH}/Podfile.lock",
				"${PODS_ROOT}/Manifest.lock",
			);
			name = "[CP] Check Pods Manifest.lock";
			outputFileListPaths = (
			);
			outputPaths = (
				"$(DERIVED_FILE_DIR)/Pods-Harton-checkManifestLockResult.txt",
			);
			runOnlyForDeploymentPostprocessing = 0;
			shellPath = /bin/sh;
			shellScript = "diff \"${PODS_PODFILE_DIR_PATH}/Podfile.lock\" \"${PODS_ROOT}/Manifest.lock\" > /dev/null\nif [ $? != 0 ] ; then\n    # print error to STDERR\n    echo \"error: The sandbox is not in sync with the Podfile.lock. Run 'pod install' or update your CocoaPods installation.\" >&2\n    exit 1\nfi\n# This output is used by Xcode 'outputs' to avoid re-running this script phase.\necho \"SUCCESS\" > \"${SCRIPT_OUTPUT_FILE_0}\"\n";
			showEnvVarsInLog = 0;
		};
/* End PBXShellScriptBuildPhase section */

/* Begin PBXSourcesBuildPhase section */
		F45AB1DC26CBAA2E005EC202 /* Sources */ = {
			isa = PBXSourcesBuildPhase;
			buildActionMask = 2147483647;
			files = (
				F45AB1FC26CBB1F7005EC202 /* BaseViewController.swift in Sources */,
				F45AB1F926CBB0E1005EC202 /* SandBoxViewController.swift in Sources */,
				F45AB1E826CBAA2E005EC202 /* ViewController.swift in Sources */,
				F45AB1E426CBAA2E005EC202 /* AppDelegate.swift in Sources */,
				F45AB1E626CBAA2E005EC202 /* SceneDelegate.swift in Sources */,
			);
			runOnlyForDeploymentPostprocessing = 0;
		};
/* End PBXSourcesBuildPhase section */

/* Begin PBXVariantGroup section */
		F45AB1E926CBAA2E005EC202 /* Main.storyboard */ = {
			isa = PBXVariantGroup;
			children = (
				F45AB1EA26CBAA2E005EC202 /* Base */,
			);
			name = Main.storyboard;
			sourceTree = "<group>";
		};
		F45AB1EE26CBAA30005EC202 /* LaunchScreen.storyboard */ = {
			isa = PBXVariantGroup;
			children = (
				F45AB1EF26CBAA30005EC202 /* Base */,
			);
			name = LaunchScreen.storyboard;
			sourceTree = "<group>";
		};
/* End PBXVariantGroup section */

/* Begin XCBuildConfiguration section */
		F45AB1F226CBAA30005EC202 /* Debug */ = {
			isa = XCBuildConfiguration;
			buildSettings = {
				ALWAYS_SEARCH_USER_PATHS = NO;
				CLANG_ANALYZER_NONNULL = YES;
				CLANG_ANALYZER_NUMBER_OBJECT_CONVERSION = YES_AGGRESSIVE;
				CLANG_CXX_LANGUAGE_STANDARD = "gnu++14";
				CLANG_CXX_LIBRARY = "libc++";
				CLANG_ENABLE_MODULES = YES;
				CLANG_ENABLE_OBJC_ARC = YES;
				CLANG_ENABLE_OBJC_WEAK = YES;
				CLANG_WARN_BLOCK_CAPTURE_AUTORELEASING = YES;
				CLANG_WARN_BOOL_CONVERSION = YES;
				CLANG_WARN_COMMA = YES;
				CLANG_WARN_CONSTANT_CONVERSION = YES;
				CLANG_WARN_DEPRECATED_OBJC_IMPLEMENTATIONS = YES;
				CLANG_WARN_DIRECT_OBJC_ISA_USAGE = YES_ERROR;
				CLANG_WARN_DOCUMENTATION_COMMENTS = YES;
				CLANG_WARN_EMPTY_BODY = YES;
				CLANG_WARN_ENUM_CONVERSION = YES;
				CLANG_WARN_INFINITE_RECURSION = YES;
				CLANG_WARN_INT_CONVERSION = YES;
				CLANG_WARN_NON_LITERAL_NULL_CONVERSION = YES;
				CLANG_WARN_OBJC_IMPLICIT_RETAIN_SELF = YES;
				CLANG_WARN_OBJC_LITERAL_CONVERSION = YES;
				CLANG_WARN_OBJC_ROOT_CLASS = YES_ERROR;
				CLANG_WARN_QUOTED_INCLUDE_IN_FRAMEWORK_HEADER = YES;
				CLANG_WARN_RANGE_LOOP_ANALYSIS = YES;
				CLANG_WARN_STRICT_PROTOTYPES = YES;
				CLANG_WARN_SUSPICIOUS_MOVE = YES;
				CLANG_WARN_UNGUARDED_AVAILABILITY = YES_AGGRESSIVE;
				CLANG_WARN_UNREACHABLE_CODE = YES;
				CLANG_WARN__DUPLICATE_METHOD_MATCH = YES;
				COPY_PHASE_STRIP = NO;
				DEBUG_INFORMATION_FORMAT = dwarf;
				ENABLE_STRICT_OBJC_MSGSEND = YES;
				ENABLE_TESTABILITY = YES;
				GCC_C_LANGUAGE_STANDARD = gnu11;
				GCC_DYNAMIC_NO_PIC = NO;
				GCC_NO_COMMON_BLOCKS = YES;
				GCC_OPTIMIZATION_LEVEL = 0;
				GCC_PREPROCESSOR_DEFINITIONS = (
					"DEBUG=1",
					"$(inherited)",
				);
				GCC_WARN_64_TO_32_BIT_CONVERSION = YES;
				GCC_WARN_ABOUT_RETURN_TYPE = YES_ERROR;
				GCC_WARN_UNDECLARED_SELECTOR = YES;
				GCC_WARN_UNINITIALIZED_AUTOS = YES_AGGRESSIVE;
				GCC_WARN_UNUSED_FUNCTION = YES;
				GCC_WARN_UNUSED_VARIABLE = YES;
				IPHONEOS_DEPLOYMENT_TARGET = 14.5;
				MTL_ENABLE_DEBUG_INFO = INCLUDE_SOURCE;
				MTL_FAST_MATH = YES;
				ONLY_ACTIVE_ARCH = YES;
				SDKROOT = iphoneos;
				SWIFT_ACTIVE_COMPILATION_CONDITIONS = DEBUG;
				SWIFT_OPTIMIZATION_LEVEL = "-Onone";
			};
			name = Debug;
		};
		F45AB1F326CBAA30005EC202 /* Release */ = {
			isa = XCBuildConfiguration;
			buildSettings = {
				ALWAYS_SEARCH_USER_PATHS = NO;
				CLANG_ANALYZER_NONNULL = YES;
				CLANG_ANALYZER_NUMBER_OBJECT_CONVERSION = YES_AGGRESSIVE;
				CLANG_CXX_LANGUAGE_STANDARD = "gnu++14";
				CLANG_CXX_LIBRARY = "libc++";
				CLANG_ENABLE_MODULES = YES;
				CLANG_ENABLE_OBJC_ARC = YES;
				CLANG_ENABLE_OBJC_WEAK = YES;
				CLANG_WARN_BLOCK_CAPTURE_AUTORELEASING = YES;
				CLANG_WARN_BOOL_CONVERSION = YES;
				CLANG_WARN_COMMA = YES;
				CLANG_WARN_CONSTANT_CONVERSION = YES;
				CLANG_WARN_DEPRECATED_OBJC_IMPLEMENTATIONS = YES;
				CLANG_WARN_DIRECT_OBJC_ISA_USAGE = YES_ERROR;
				CLANG_WARN_DOCUMENTATION_COMMENTS = YES;
				CLANG_WARN_EMPTY_BODY = YES;
				CLANG_WARN_ENUM_CONVERSION = YES;
				CLANG_WARN_INFINITE_RECURSION = YES;
				CLANG_WARN_INT_CONVERSION = YES;
				CLANG_WARN_NON_LITERAL_NULL_CONVERSION = YES;
				CLANG_WARN_OBJC_IMPLICIT_RETAIN_SELF = YES;
				CLANG_WARN_OBJC_LITERAL_CONVERSION = YES;
				CLANG_WARN_OBJC_ROOT_CLASS = YES_ERROR;
				CLANG_WARN_QUOTED_INCLUDE_IN_FRAMEWORK_HEADER = YES;
				CLANG_WARN_RANGE_LOOP_ANALYSIS = YES;
				CLANG_WARN_STRICT_PROTOTYPES = YES;
				CLANG_WARN_SUSPICIOUS_MOVE = YES;
				CLANG_WARN_UNGUARDED_AVAILABILITY = YES_AGGRESSIVE;
				CLANG_WARN_UNREACHABLE_CODE = YES;
				CLANG_WARN__DUPLICATE_METHOD_MATCH = YES;
				COPY_PHASE_STRIP = NO;
				DEBUG_INFORMATION_FORMAT = "dwarf-with-dsym";
				ENABLE_NS_ASSERTIONS = NO;
				ENABLE_STRICT_OBJC_MSGSEND = YES;
				GCC_C_LANGUAGE_STANDARD = gnu11;
				GCC_NO_COMMON_BLOCKS = YES;
				GCC_WARN_64_TO_32_BIT_CONVERSION = YES;
				GCC_WARN_ABOUT_RETURN_TYPE = YES_ERROR;
				GCC_WARN_UNDECLARED_SELECTOR = YES;
				GCC_WARN_UNINITIALIZED_AUTOS = YES_AGGRESSIVE;
				GCC_WARN_UNUSED_FUNCTION = YES;
				GCC_WARN_UNUSED_VARIABLE = YES;
				IPHONEOS_DEPLOYMENT_TARGET = 14.5;
				MTL_ENABLE_DEBUG_INFO = NO;
				MTL_FAST_MATH = YES;
				SDKROOT = iphoneos;
				SWIFT_COMPILATION_MODE = wholemodule;
				SWIFT_OPTIMIZATION_LEVEL = "-O";
				VALIDATE_PRODUCT = YES;
			};
			name = Release;
		};
		F45AB1F526CBAA30005EC202 /* Debug */ = {
			isa = XCBuildConfiguration;
			baseConfigurationReference = 34228D4CCE792FC5B9CD84EE /* Pods-Harton.debug.xcconfig */;
			buildSettings = {
				ASSETCATALOG_COMPILER_APPICON_NAME = AppIcon;
				ASSETCATALOG_COMPILER_GLOBAL_ACCENT_COLOR_NAME = AccentColor;
				CODE_SIGN_STYLE = Automatic;
				DEVELOPMENT_TEAM = FMJJ4AT737;
				INFOPLIST_FILE = Harton/Info.plist;
				LD_RUNPATH_SEARCH_PATHS = (
					"$(inherited)",
					"@executable_path/Frameworks",
				);
				PRODUCT_BUNDLE_IDENTIFIER = com.harton.Harton;
				PRODUCT_NAME = "$(TARGET_NAME)";
				SWIFT_VERSION = 5.0;
				TARGETED_DEVICE_FAMILY = "1,2";
			};
			name = Debug;
		};
		F45AB1F626CBAA30005EC202 /* Release */ = {
			isa = XCBuildConfiguration;
			baseConfigurationReference = F0BFB4FE0F79657B08B3A358 /* Pods-Harton.release.xcconfig */;
			buildSettings = {
				ASSETCATALOG_COMPILER_APPICON_NAME = AppIcon;
				ASSETCATALOG_COMPILER_GLOBAL_ACCENT_COLOR_NAME = AccentColor;
				CODE_SIGN_STYLE = Automatic;
				DEVELOPMENT_TEAM = FMJJ4AT737;
				INFOPLIST_FILE = Harton/Info.plist;
				LD_RUNPATH_SEARCH_PATHS = (
					"$(inherited)",
					"@executable_path/Frameworks",
				);
				PRODUCT_BUNDLE_IDENTIFIER = com.harton.Harton;
				PRODUCT_NAME = "$(TARGET_NAME)";
				SWIFT_VERSION = 5.0;
				TARGETED_DEVICE_FAMILY = "1,2";
			};
			name = Release;
		};
/* End XCBuildConfiguration section */

/* Begin XCConfigurationList section */
		F45AB1DB26CBAA2E005EC202 /* Build configuration list for PBXProject "Harton" */ = {
			isa = XCConfigurationList;
			buildConfigurations = (
				F45AB1F226CBAA30005EC202 /* Debug */,
				F45AB1F326CBAA30005EC202 /* Release */,
			);
			defaultConfigurationIsVisible = 0;
			defaultConfigurationName = Release;
		};
		F45AB1F426CBAA30005EC202 /* Build configuration list for PBXNativeTarget "Harton" */ = {
			isa = XCConfigurationList;
			buildConfigurations = (
				F45AB1F526CBAA30005EC202 /* Debug */,
				F45AB1F626CBAA30005EC202 /* Release */,
			);
			defaultConfigurationIsVisible = 0;
			defaultConfigurationName = Release;
		};
/* End XCConfigurationList section */
	};
	rootObject = F45AB1D826CBAA2E005EC202 /* Project object */;
}
